
Microsoft Visual Studio Solution File, Format Version 12.00
# Visual Studio Version 16
VisualStudioVersion = 16.0.31402.337
MinimumVisualStudioVersion = 10.0.40219.1
Project("{8BC9CEB8-8B4A-11D0-8D11-00A0C91BC942}") = "Listas Dobles Enlazadas", "Listas Dobles Enlazadas\Listas Dobles Enlazadas.vcxproj", "{BDA6C80D-8177-4E9B-930D-E0125A2DD866}"
EndProject
Project("{8BC9CEB8-8B4A-11D0-8D11-00A0C91BC942}") = "ListasDoblesTest", "ListasDoblesTest\ListasDoblesTest.vcxproj", "{52284C70-F367-4DB8-B734-85019613BA4B}"
EndProject
Global
	GlobalSection(SolutionConfigurationPlatforms) = preSolution
		Debug|x64 = Debug|x64
		Debug|x86 = Debug|x86
		Release|x64 = Release|x64
		Release|x86 = Release|x86
	EndGlobalSection
	GlobalSection(ProjectConfigurationPlatforms) = postSolution
		{BDA6C80D-8177-4E9B-930D-E0125A2DD866}.Debug|x64.ActiveCfg = Debug|x64
		{BDA6C80D-8177-4E9B-930D-E0125A2DD866}.Debug|x64.Build.0 = Debug|x64
		{BDA6C80D-8177-4E9B-930D-E0125A2DD866}.Debug|x86.ActiveCfg = Debug|Win32
		{BDA6C80D-8177-4E9B-930D-E0125A2DD866}.Debug|x86.Build.0 = Debug|Win32
		{BDA6C80D-8177-4E9B-930D-E0125A2DD866}.Release|x64.ActiveCfg = Release|x64
		{BDA6C80D-8177-4E9B-930D-E0125A2DD866}.Release|x64.Build.0 = Release|x64
		{BDA6C80D-8177-4E9B-930D-E0125A2DD866}.Release|x86.ActiveCfg = Release|Win32
		{BDA6C80D-8177-4E9B-930D-E0125A2DD866}.Release|x86.Build.0 = Release|Win32
		{52284C70-F367-4DB8-B734-85019613BA4B}.Debug|x64.ActiveCfg = Debug|x64
		{52284C70-F367-4DB8-B734-85019613BA4B}.Debug|x64.Build.0 = Debug|x64
		{52284C70-F367-4DB8-B734-85019613BA4B}.Debug|x86.ActiveCfg = Debug|Win32
		{52284C70-F367-4DB8-B734-85019613BA4B}.Debug|x86.Build.0 = Debug|Win32
		{52284C70-F367-4DB8-B734-85019613BA4B}.Release|x64.ActiveCfg = Release|x64
		{52284C70-F367-4DB8-B734-85019613BA4B}.Release|x64.Build.0 = Release|x64
		{52284C70-F367-4DB8-B734-85019613BA4B}.Release|x86.ActiveCfg = Release|Win32
		{52284C70-F367-4DB8-B734-85019613BA4B}.Release|x86.Build.0 = Release|Win32
	EndGlobalSection
	GlobalSection(SolutionProperties) = preSolution
		HideSolutionNode = FALSE
	EndGlobalSection
	GlobalSection(ExtensibilityGlobals) = postSolution
		SolutionGuid = {AE7BC32A-BFC4-4A39-80C2-371C6C37C73B}
	EndGlobalSection
EndGlobal
